
Microsoft Visual Studio Solution File, Format Version 12.00
# Visual Studio Version 17
VisualStudioVersion = 17.12.35527.113 d17.12
MinimumVisualStudioVersion = 10.0.40219.1
Project("{FAE04EC0-301F-11D3-BF4B-00C04F79EFBC}") = "Desafio", "Desafio\Desafio.csproj", "{8F5BEA41-0C41-4278-948F-15DDB663EE13}"
EndProject
Project("{FAE04EC0-301F-11D3-BF4B-00C04F79EFBC}") = "Desafio.Tests", "Desafio.Tests\Desafio.Tests.csproj", "{D0D8726F-A9D1-4DE5-B1DE-779732FD5F78}"
EndProject
Global
	GlobalSection(SolutionConfigurationPlatforms) = preSolution
		Debug|Any CPU = Debug|Any CPU
		Release|Any CPU = Release|Any CPU
	EndGlobalSection
	GlobalSection(ProjectConfigurationPlatforms) = postSolution
		{8F5BEA41-0C41-4278-948F-15DDB663EE13}.Debug|Any CPU.ActiveCfg = Debug|Any CPU
		{8F5BEA41-0C41-4278-948F-15DDB663EE13}.Debug|Any CPU.Build.0 = Debug|Any CPU
		{8F5BEA41-0C41-4278-948F-15DDB663EE13}.Release|Any CPU.ActiveCfg = Release|Any CPU
		{8F5BEA41-0C41-4278-948F-15DDB663EE13}.Release|Any CPU.Build.0 = Release|Any CPU
		{D0D8726F-A9D1-4DE5-B1DE-779732FD5F78}.Debug|Any CPU.ActiveCfg = Debug|Any CPU
		{D0D8726F-A9D1-4DE5-B1DE-779732FD5F78}.Debug|Any CPU.Build.0 = Debug|Any CPU
		{D0D8726F-A9D1-4DE5-B1DE-779732FD5F78}.Release|Any CPU.ActiveCfg = Release|Any CPU
		{D0D8726F-A9D1-4DE5-B1DE-779732FD5F78}.Release|Any CPU.Build.0 = Release|Any CPU
	EndGlobalSection
	GlobalSection(SolutionProperties) = preSolution
		HideSolutionNode = FALSE
	EndGlobalSection
EndGlobal
